
Microsoft Visual Studio Solution File, Format Version 12.00
# Visual Studio Version 17
VisualStudioVersion = 17.8.34525.116
MinimumVisualStudioVersion = 10.0.40219.1
Project("{FAE04EC0-301F-11D3-BF4B-00C04F79EFBC}") = "AvaloniaApplication6", "AvaloniaApplication6\AvaloniaApplication6.csproj", "{759CE575-6046-4A74-9F9F-12D977FEDD1D}"
EndProject
Global
	GlobalSection(SolutionConfigurationPlatforms) = preSolution
		Debug|Any CPU = Debug|Any CPU
		Release|Any CPU = Release|Any CPU
	EndGlobalSection
	GlobalSection(ProjectConfigurationPlatforms) = postSolution
		{759CE575-6046-4A74-9F9F-12D977FEDD1D}.Debug|Any CPU.ActiveCfg = Debug|Any CPU
		{759CE575-6046-4A74-9F9F-12D977FEDD1D}.Debug|Any CPU.Build.0 = Debug|Any CPU
		{759CE575-6046-4A74-9F9F-12D977FEDD1D}.Release|Any CPU.ActiveCfg = Release|Any CPU
		{759CE575-6046-4A74-9F9F-12D977FEDD1D}.Release|Any CPU.Build.0 = Release|Any CPU
	EndGlobalSection
	GlobalSection(SolutionProperties) = preSolution
		HideSolutionNode = FALSE
	EndGlobalSection
	GlobalSection(ExtensibilityGlobals) = postSolution
		SolutionGuid = {1E2533B0-0617-456E-9432-78717647E125}
	EndGlobalSection
EndGlobal
